
Microsoft Visual Studio Solution File, Format Version 12.00
# Visual Studio Version 17
VisualStudioVersion = 17.2.32526.322
MinimumVisualStudioVersion = 10.0.40219.1
Project("{FAE04EC0-301F-11D3-BF4B-00C04F79EFBC}") = "TSGUI.Server", "Server\TSGUI.Server.csproj", "{EB6FF4CE-F972-4E4D-99D2-5B52B2B89A1F}"
EndProject
Project("{FAE04EC0-301F-11D3-BF4B-00C04F79EFBC}") = "TSGUI.Client", "Client\TSGUI.Client.csproj", "{E4A53AAE-A2D4-46D2-BD1C-BB6D4139EC56}"
EndProject
Project("{FAE04EC0-301F-11D3-BF4B-00C04F79EFBC}") = "TSGUI.Shared", "Shared\TSGUI.Shared.csproj", "{4F210B62-A6F6-484B-BD32-F6650B0F3AA2}"
EndProject
Global
	GlobalSection(SolutionConfigurationPlatforms) = preSolution
		Debug|Any CPU = Debug|Any CPU
		Release|Any CPU = Release|Any CPU
	EndGlobalSection
	GlobalSection(ProjectConfigurationPlatforms) = postSolution
		{EB6FF4CE-F972-4E4D-99D2-5B52B2B89A1F}.Debug|Any CPU.ActiveCfg = Debug|Any CPU
		{EB6FF4CE-F972-4E4D-99D2-5B52B2B89A1F}.Debug|Any CPU.Build.0 = Debug|Any CPU
		{EB6FF4CE-F972-4E4D-99D2-5B52B2B89A1F}.Release|Any CPU.ActiveCfg = Release|Any CPU
		{EB6FF4CE-F972-4E4D-99D2-5B52B2B89A1F}.Release|Any CPU.Build.0 = Release|Any CPU
		{E4A53AAE-A2D4-46D2-BD1C-BB6D4139EC56}.Debug|Any CPU.ActiveCfg = Debug|Any CPU
		{E4A53AAE-A2D4-46D2-BD1C-BB6D4139EC56}.Debug|Any CPU.Build.0 = Debug|Any CPU
		{E4A53AAE-A2D4-46D2-BD1C-BB6D4139EC56}.Release|Any CPU.ActiveCfg = Release|Any CPU
		{E4A53AAE-A2D4-46D2-BD1C-BB6D4139EC56}.Release|Any CPU.Build.0 = Release|Any CPU
		{4F210B62-A6F6-484B-BD32-F6650B0F3AA2}.Debug|Any CPU.ActiveCfg = Debug|Any CPU
		{4F210B62-A6F6-484B-BD32-F6650B0F3AA2}.Debug|Any CPU.Build.0 = Debug|Any CPU
		{4F210B62-A6F6-484B-BD32-F6650B0F3AA2}.Release|Any CPU.ActiveCfg = Release|Any CPU
		{4F210B62-A6F6-484B-BD32-F6650B0F3AA2}.Release|Any CPU.Build.0 = Release|Any CPU
	EndGlobalSection
	GlobalSection(SolutionProperties) = preSolution
		HideSolutionNode = FALSE
	EndGlobalSection
	GlobalSection(ExtensibilityGlobals) = postSolution
		SolutionGuid = {6A858685-9CEF-4634-A9FA-7E526B907147}
	EndGlobalSection
EndGlobal
